{
  "requires": true,
  "lockfileVersion": 1,
  "dependencies": {
    "@types/bootstrap-validator": {
      "version": "0.11.2",
      "resolved": "https://registry.npmjs.org/@types/bootstrap-validator/-/bootstrap-validator-0.11.2.tgz",
      "integrity": "sha512-s9W90bzSK8oY1toly6ycsRplMAhVM05JMyNjOkoKHtJgwTNH032Pmzgy+AhWdUohbk1w8qoms8F/4vgRVQYogQ==",
      "requires": {
        "@types/jquery": "3.3.32"
      }
    },
    "@types/jquery": {
      "version": "3.3.32",
      "resolved": "https://registry.npmjs.org/@types/jquery/-/jquery-3.3.32.tgz",
      "integrity": "sha512-UKoof2mnV/X1/Ix2g+V2Ny5sgHjV8nK/UJbiYxuo4zPwzGyFlZ/mp4KaePb2VqQrqJctmcDQNA57buU84/2uIw==",
      "requires": {
        "@types/sizzle": "2.3.2"
      }
    },
    "@types/jquery.form": {
      "version": "3.26.30",
      "resolved": "https://registry.npmjs.org/@types/jquery.form/-/jquery.form-3.26.30.tgz",
      "integrity": "sha512-LJZcG6DiuWZGroYaYmaZRRXg9q6ph0yWS0wxhWHuC1wsvBljV/L9INtrROZcNwLKZNtxVFgeWb8x49iufW9Z+w==",
      "requires": {
        "@types/jquery": "3.3.32"
      }
    },
    "@types/magicsuggest": {
      "version": "2.1.32",
      "resolved": "https://registry.npmjs.org/@types/magicsuggest/-/magicsuggest-2.1.32.tgz",
      "integrity": "sha512-48BHajqbYm98PnqGiePuz0aOvLB7ev95o6Xy2NA6DP3N6eR6GoYTVxRMgLLnThREBI+SKD+Pf/+nSddb1HSAHg==",
      "requires": {
        "@types/jquery": "3.3.32"
      }
    },
    "@types/sizzle": {
      "version": "2.3.2",
      "resolved": "https://registry.npmjs.org/@types/sizzle/-/sizzle-2.3.2.tgz",
      "integrity": "sha512-7EJYyKTL7tFR8+gDbB6Wwz/arpGa0Mywk1TJbNzKzHtzbwVmY4HR9WqS5VV7dsBUKQmPNr192jHr/VpBluj/hg=="
    },
    "@types/switchery": {
      "version": "0.8.27",
      "resolved": "https://registry.npmjs.org/@types/switchery/-/switchery-0.8.27.tgz",
      "integrity": "sha1-2518YReUOjQ6MqzVz5kd7wclVZg="
    },
    "@types/yandex-maps": {
      "version": "2.1.9",
      "resolved": "https://registry.npmjs.org/@types/yandex-maps/-/yandex-maps-2.1.9.tgz",
      "integrity": "sha512-pUiEkvOOqHyZ8253qk4mGHfmJa44IL1y2PhKVZNfyKVUtD9tI3SQRgnwIXDad3XKwe8aznG8y0Jfa4tcGYuKZg=="
    },
    "bootstrap": {
      "version": "3.4.1",
      "resolved": "https://registry.npmjs.org/bootstrap/-/bootstrap-3.4.1.tgz",
      "integrity": "sha512-yN5oZVmRCwe5aKwzRj6736nSmKDX7pLYwsXiCj/EYmo16hODaBiT4En5btW/jhBF/seV+XMx3aYwukYC3A49DA=="
    },
    "cssify": {
      "version": "0.3.0",
      "resolved": "https://registry.npmjs.org/cssify/-/cssify-0.3.0.tgz",
      "integrity": "sha1-IshLWiqpbL7EqfK43d1sbKNX8yk=",
      "requires": {
        "through": "2.3.8"
      }
    },
    "form-serialize-json": {
      "version": "1.0.8",
      "resolved": "https://registry.npmjs.org/form-serialize-json/-/form-serialize-json-1.0.8.tgz",
      "integrity": "sha512-l4O0pu0yjuZtciF6mPa1zX/tV40hd6be2eAt6KUpECRXasIglFw0KAopcZBH2zxp6zAyPF6iG1jKlYEnCgnokQ=="
    },
    "jquery": {
      "version": "3.4.1",
      "resolved": "https://registry.npmjs.org/jquery/-/jquery-3.4.1.tgz",
      "integrity": "sha512-36+AdBzCL+y6qjw5Tx7HgzeGCzC81MDDgaUP8ld2zhx58HdqXGoBd+tHdrBMiyjGQs0Hxs/MLZTu/eHNJJuWPw=="
    },
    "magicsuggest": {
      "version": "2.1.4",
      "resolved": "https://registry.npmjs.org/magicsuggest/-/magicsuggest-2.1.4.tgz",
      "integrity": "sha1-nPEiOwbPOYKH/iuvYsBzpea2f1g=",
      "requires": {
        "bootstrap": "3.4.1",
        "jquery": "3.4.1"
      }
    },
    "switchery": {
      "version": "0.0.2",
      "resolved": "https://registry.npmjs.org/switchery/-/switchery-0.0.2.tgz",
      "integrity": "sha1-jVIsTrMli6zGyRvsmA4ORuMS0G4=",
      "requires": {
        "cssify": "0.3.0"
      }
    },
    "through": {
      "version": "2.3.8",
      "resolved": "https://registry.npmjs.org/through/-/through-2.3.8.tgz",
      "integrity": "sha1-DdTJ/6q8NXlgsbckEV1+Doai4fU="
    }
  }
}
